
Microsoft Visual Studio Solution File, Format Version 12.00
Project("{2150E333-8FDC-42A3-9474-1A3956D46DE8}") = "src", "src", "{211BBCE7-5BEB-4B0C-93E2-853EE1D49481}"
EndProject
Project("{FAE04EC0-301F-11D3-BF4B-00C04F79EFBC}") = "Authentication", "src\Authentication\Authentication.csproj", "{46BAC01F-C664-455D-96E7-7D087C027E31}"
EndProject
Project("{FAE04EC0-301F-11D3-BF4B-00C04F79EFBC}") = "CASA", "src\CASA\CASA.csproj", "{4F0E4F00-1CFF-4A74-A842-5A69E5655765}"
EndProject
Global
	GlobalSection(SolutionConfigurationPlatforms) = preSolution
		Debug|Any CPU = Debug|Any CPU
		Release|Any CPU = Release|Any CPU
	EndGlobalSection
	GlobalSection(NestedProjects) = preSolution
		{46BAC01F-C664-455D-96E7-7D087C027E31} = {211BBCE7-5BEB-4B0C-93E2-853EE1D49481}
		{4F0E4F00-1CFF-4A74-A842-5A69E5655765} = {211BBCE7-5BEB-4B0C-93E2-853EE1D49481}
	EndGlobalSection
	GlobalSection(ProjectConfigurationPlatforms) = postSolution
		{46BAC01F-C664-455D-96E7-7D087C027E31}.Debug|Any CPU.ActiveCfg = Debug|Any CPU
		{46BAC01F-C664-455D-96E7-7D087C027E31}.Debug|Any CPU.Build.0 = Debug|Any CPU
		{46BAC01F-C664-455D-96E7-7D087C027E31}.Release|Any CPU.ActiveCfg = Release|Any CPU
		{46BAC01F-C664-455D-96E7-7D087C027E31}.Release|Any CPU.Build.0 = Release|Any CPU
		{4F0E4F00-1CFF-4A74-A842-5A69E5655765}.Debug|Any CPU.ActiveCfg = Debug|Any CPU
		{4F0E4F00-1CFF-4A74-A842-5A69E5655765}.Debug|Any CPU.Build.0 = Debug|Any CPU
		{4F0E4F00-1CFF-4A74-A842-5A69E5655765}.Release|Any CPU.ActiveCfg = Release|Any CPU
		{4F0E4F00-1CFF-4A74-A842-5A69E5655765}.Release|Any CPU.Build.0 = Release|Any CPU
	EndGlobalSection
EndGlobal
